Microsoft Visual Studio Solution File, Format Version 12.00
# Visual Studio Version 17
VisualStudioVersion = 17.5.2.0
MinimumVisualStudioVersion = 10.0.40219.1
Project("{FAE04EC0-301F-11D3-BF4B-00C04F79EFBC}") = "TareaGameJam", "TareaGameJam.csproj", "{466FB1BF-731C-1C7A-D8C7-EDBA31C8B893}"
EndProject
Global
	GlobalSection(SolutionConfigurationPlatforms) = preSolution
		Debug|Any CPU = Debug|Any CPU
		Release|Any CPU = Release|Any CPU
	EndGlobalSection
	GlobalSection(ProjectConfigurationPlatforms) = postSolution
		{466FB1BF-731C-1C7A-D8C7-EDBA31C8B893}.Debug|Any CPU.ActiveCfg = Debug|Any CPU
		{466FB1BF-731C-1C7A-D8C7-EDBA31C8B893}.Debug|Any CPU.Build.0 = Debug|Any CPU
		{466FB1BF-731C-1C7A-D8C7-EDBA31C8B893}.Release|Any CPU.ActiveCfg = Release|Any CPU
		{466FB1BF-731C-1C7A-D8C7-EDBA31C8B893}.Release|Any CPU.Build.0 = Release|Any CPU
	EndGlobalSection
	GlobalSection(SolutionProperties) = preSolution
		HideSolutionNode = FALSE
	EndGlobalSection
	GlobalSection(ExtensibilityGlobals) = postSolution
		SolutionGuid = {AC4C46A3-975E-442A-8FBE-19500980E651}
	EndGlobalSection
EndGlobal
